
Microsoft Visual Studio Solution File, Format Version 12.00
# Visual Studio 15
VisualStudioVersion = 15.0.27130.2027
MinimumVisualStudioVersion = 10.0.40219.1
Project("{FAE04EC0-301F-11D3-BF4B-00C04F79EFBC}") = "BookChapter6", "BookChapter6\BookChapter6.csproj", "{64F70262-9810-4D1F-BB35-11AAB2CD8353}"
EndProject
Global
	GlobalSection(SolutionConfigurationPlatforms) = preSolution
		Debug|Any CPU = Debug|Any CPU
		Release|Any CPU = Release|Any CPU
	EndGlobalSection
	GlobalSection(ProjectConfigurationPlatforms) = postSolution
		{64F70262-9810-4D1F-BB35-11AAB2CD8353}.Debug|Any CPU.ActiveCfg = Debug|Any CPU
		{64F70262-9810-4D1F-BB35-11AAB2CD8353}.Debug|Any CPU.Build.0 = Debug|Any CPU
		{64F70262-9810-4D1F-BB35-11AAB2CD8353}.Release|Any CPU.ActiveCfg = Release|Any CPU
		{64F70262-9810-4D1F-BB35-11AAB2CD8353}.Release|Any CPU.Build.0 = Release|Any CPU
	EndGlobalSection
	GlobalSection(SolutionProperties) = preSolution
		HideSolutionNode = FALSE
	EndGlobalSection
	GlobalSection(ExtensibilityGlobals) = postSolution
		SolutionGuid = {D96E8D73-A97F-431D-ACE5-BABA02C7BC27}
	EndGlobalSection
EndGlobal
